Microsoft Visual Studio Solution File, Format Version 12.00
# Visual Studio 2012
Project("{FAE04EC0-301F-11D3-BF4B-00C04F79EFBC}") = "TicTacToeAgain", "TicTacToeAgain.csproj", "{3AF45045-2115-4B37-ABF9-A80F876ED09D}"
EndProject
Global
	GlobalSection(SolutionConfigurationPlatforms) = preSolution
	Debug|Any CPU = Debug|Any CPU
	ExportDebug|Any CPU = ExportDebug|Any CPU
	ExportRelease|Any CPU = ExportRelease|Any CPU
	EndGlobalSection
	GlobalSection(ProjectConfigurationPlatforms) = postSolution
		{3AF45045-2115-4B37-ABF9-A80F876ED09D}.Debug|Any CPU.ActiveCfg = Debug|Any CPU
		{3AF45045-2115-4B37-ABF9-A80F876ED09D}.Debug|Any CPU.Build.0 = Debug|Any CPU
		{3AF45045-2115-4B37-ABF9-A80F876ED09D}.ExportDebug|Any CPU.ActiveCfg = ExportDebug|Any CPU
		{3AF45045-2115-4B37-ABF9-A80F876ED09D}.ExportDebug|Any CPU.Build.0 = ExportDebug|Any CPU
		{3AF45045-2115-4B37-ABF9-A80F876ED09D}.ExportRelease|Any CPU.ActiveCfg = ExportRelease|Any CPU
		{3AF45045-2115-4B37-ABF9-A80F876ED09D}.ExportRelease|Any CPU.Build.0 = ExportRelease|Any CPU
	EndGlobalSection
EndGlobal
